
Microsoft Visual Studio Solution File, Format Version 12.00
# Visual Studio Version 17
VisualStudioVersion = 17.4.33110.190
MinimumVisualStudioVersion = 10.0.40219.1
Project("{9A19103F-16F7-4668-BE54-9A1E7A4F7556}") = "3Sum", "3Sum\3Sum.csproj", "{D417DC08-8C2B-4FDB-962E-0DB3AF65603F}"
EndProject
Project("{9A19103F-16F7-4668-BE54-9A1E7A4F7556}") = "TwoSum", "TwoSum\TwoSum.csproj", "{5A99F5D4-7AC2-41E4-B128-EBBCCDE82AFF}"
EndProject
Project("{9A19103F-16F7-4668-BE54-9A1E7A4F7556}") = "RomanToInt", "RomanToInt\RomanToInt.csproj", "{B12A6724-C8F0-45A8-A139-00ABA71BFF9E}"
EndProject
Project("{9A19103F-16F7-4668-BE54-9A1E7A4F7556}") = "LongestCommonPrefix", "LongestCommonPrefix\LongestCommonPrefix.csproj", "{38E28551-EFEF-4763-B614-90B9715CD5E2}"
EndProject
Project("{9A19103F-16F7-4668-BE54-9A1E7A4F7556}") = "ValidParentheses", "ValidParentheses\ValidParentheses.csproj", "{8A973610-27A8-4BFD-AAE8-F0C092AE5F5F}"
EndProject
Project("{FAE04EC0-301F-11D3-BF4B-00C04F79EFBC}") = "RemoveDuplicatesInSortedArray", "RemoveDuplicatesInSortedArray\RemoveDuplicatesInSortedArray.csproj", "{B3603137-8C42-4749-A9DF-9FECDE2D8583}"
EndProject
Project("{FAE04EC0-301F-11D3-BF4B-00C04F79EFBC}") = "RemoveElement", "RemoveElement\RemoveElement.csproj", "{1A0F48A6-A63A-4C46-BFC7-9A9A6EBCEAE4}"
EndProject
Global
	GlobalSection(SolutionConfigurationPlatforms) = preSolution
		Debug|Any CPU = Debug|Any CPU
		Release|Any CPU = Release|Any CPU
	EndGlobalSection
	GlobalSection(ProjectConfigurationPlatforms) = postSolution
		{D417DC08-8C2B-4FDB-962E-0DB3AF65603F}.Debug|Any CPU.ActiveCfg = Debug|Any CPU
		{D417DC08-8C2B-4FDB-962E-0DB3AF65603F}.Debug|Any CPU.Build.0 = Debug|Any CPU
		{D417DC08-8C2B-4FDB-962E-0DB3AF65603F}.Release|Any CPU.ActiveCfg = Release|Any CPU
		{D417DC08-8C2B-4FDB-962E-0DB3AF65603F}.Release|Any CPU.Build.0 = Release|Any CPU
		{5A99F5D4-7AC2-41E4-B128-EBBCCDE82AFF}.Debug|Any CPU.ActiveCfg = Debug|Any CPU
		{5A99F5D4-7AC2-41E4-B128-EBBCCDE82AFF}.Debug|Any CPU.Build.0 = Debug|Any CPU
		{5A99F5D4-7AC2-41E4-B128-EBBCCDE82AFF}.Release|Any CPU.ActiveCfg = Release|Any CPU
		{5A99F5D4-7AC2-41E4-B128-EBBCCDE82AFF}.Release|Any CPU.Build.0 = Release|Any CPU
		{B12A6724-C8F0-45A8-A139-00ABA71BFF9E}.Debug|Any CPU.ActiveCfg = Debug|Any CPU
		{B12A6724-C8F0-45A8-A139-00ABA71BFF9E}.Debug|Any CPU.Build.0 = Debug|Any CPU
		{B12A6724-C8F0-45A8-A139-00ABA71BFF9E}.Release|Any CPU.ActiveCfg = Release|Any CPU
		{B12A6724-C8F0-45A8-A139-00ABA71BFF9E}.Release|Any CPU.Build.0 = Release|Any CPU
		{38E28551-EFEF-4763-B614-90B9715CD5E2}.Debug|Any CPU.ActiveCfg = Debug|Any CPU
		{38E28551-EFEF-4763-B614-90B9715CD5E2}.Debug|Any CPU.Build.0 = Debug|Any CPU
		{38E28551-EFEF-4763-B614-90B9715CD5E2}.Release|Any CPU.ActiveCfg = Release|Any CPU
		{38E28551-EFEF-4763-B614-90B9715CD5E2}.Release|Any CPU.Build.0 = Release|Any CPU
		{8A973610-27A8-4BFD-AAE8-F0C092AE5F5F}.Debug|Any CPU.ActiveCfg = Debug|Any CPU
		{8A973610-27A8-4BFD-AAE8-F0C092AE5F5F}.Debug|Any CPU.Build.0 = Debug|Any CPU
		{8A973610-27A8-4BFD-AAE8-F0C092AE5F5F}.Release|Any CPU.ActiveCfg = Release|Any CPU
		{8A973610-27A8-4BFD-AAE8-F0C092AE5F5F}.Release|Any CPU.Build.0 = Release|Any CPU
		{B3603137-8C42-4749-A9DF-9FECDE2D8583}.Debug|Any CPU.ActiveCfg = Debug|Any CPU
		{B3603137-8C42-4749-A9DF-9FECDE2D8583}.Debug|Any CPU.Build.0 = Debug|Any CPU
		{B3603137-8C42-4749-A9DF-9FECDE2D8583}.Release|Any CPU.ActiveCfg = Release|Any CPU
		{B3603137-8C42-4749-A9DF-9FECDE2D8583}.Release|Any CPU.Build.0 = Release|Any CPU
		{1A0F48A6-A63A-4C46-BFC7-9A9A6EBCEAE4}.Debug|Any CPU.ActiveCfg = Debug|Any CPU
		{1A0F48A6-A63A-4C46-BFC7-9A9A6EBCEAE4}.Debug|Any CPU.Build.0 = Debug|Any CPU
		{1A0F48A6-A63A-4C46-BFC7-9A9A6EBCEAE4}.Release|Any CPU.ActiveCfg = Release|Any CPU
		{1A0F48A6-A63A-4C46-BFC7-9A9A6EBCEAE4}.Release|Any CPU.Build.0 = Release|Any CPU
	EndGlobalSection
	GlobalSection(SolutionProperties) = preSolution
		HideSolutionNode = FALSE
	EndGlobalSection
	GlobalSection(ExtensibilityGlobals) = postSolution
		SolutionGuid = {34383804-FA8B-447C-8C21-FD5AD696566A}
	EndGlobalSection
EndGlobal
